
Microsoft Visual Studio Solution File, Format Version 12.00
# Visual Studio Version 17
VisualStudioVersion = 17.0.31903.59
MinimumVisualStudioVersion = 10.0.40219.1
Project("{2150E333-8FDC-42A3-9474-1A3956D46DE8}") = "src", "src", "{827E0CD3-B72D-47B6-A68D-7590B98EB39B}"
EndProject
Project("{FAE04EC0-301F-11D3-BF4B-00C04F79EFBC}") = "TNI.Api.CleanArchitecture.Domain", "src\TNI.Api.CleanArchitecture.Domain\TNI.Api.CleanArchitecture.Domain.csproj", "{4FF62D21-CB3F-4A62-9F59-D5C7E471FC08}"
EndProject
Project("{FAE04EC0-301F-11D3-BF4B-00C04F79EFBC}") = "TNI.Api.CleanArchitecture.Application", "src\TNI.Api.CleanArchitecture.Application\TNI.Api.CleanArchitecture.Application.csproj", "{F1411F60-FF2D-440C-A556-F5BCAB10CA0F}"
EndProject
Project("{FAE04EC0-301F-11D3-BF4B-00C04F79EFBC}") = "TNI.Api.CleanArchitecture.Infrastructure", "src\TNI.Api.CleanArchitecture.Infrastructure\TNI.Api.CleanArchitecture.Infrastructure.csproj", "{6F14D4DE-7D44-4141-93E7-8885DF7326FE}"
EndProject
Project("{FAE04EC0-301F-11D3-BF4B-00C04F79EFBC}") = "TNI.Api.CleanArchitecture.API", "src\TNI.Api.CleanArchitecture.API\TNI.Api.CleanArchitecture.API.csproj", "{A6A7E352-68C2-45AF-B2D6-7896F1872D1D}"
EndProject
Project("{2150E333-8FDC-42A3-9474-1A3956D46DE8}") = "tests", "tests", "{0AB3BF05-4346-4AA6-1389-037BE0695223}"
EndProject
Project("{FAE04EC0-301F-11D3-BF4B-00C04F79EFBC}") = "TNI.Api.CleanArchitecture.UnitTests", "tests\TNI.Api.CleanArchitecture.UnitTests\TNI.Api.CleanArchitecture.UnitTests.csproj", "{A9B1F67D-A0B7-40D8-BDF2-1CA8976C5EE5}"
EndProject
Project("{FAE04EC0-301F-11D3-BF4B-00C04F79EFBC}") = "TNI.Api.CleanArchitecture.IntegrationTests", "tests\TNI.Api.CleanArchitecture.IntegrationTests\TNI.Api.CleanArchitecture.IntegrationTests.csproj", "{8DCCA545-A6D6-4909-BD6A-2D1760F7786E}"
EndProject
Global
	GlobalSection(SolutionConfigurationPlatforms) = preSolution
		Debug|Any CPU = Debug|Any CPU
		Debug|x64 = Debug|x64
		Debug|x86 = Debug|x86
		Release|Any CPU = Release|Any CPU
		Release|x64 = Release|x64
		Release|x86 = Release|x86
	EndGlobalSection
	GlobalSection(ProjectConfigurationPlatforms) = postSolution
		{4FF62D21-CB3F-4A62-9F59-D5C7E471FC08}.Debug|Any CPU.ActiveCfg = Debug|Any CPU
		{4FF62D21-CB3F-4A62-9F59-D5C7E471FC08}.Debug|Any CPU.Build.0 = Debug|Any CPU
		{4FF62D21-CB3F-4A62-9F59-D5C7E471FC08}.Debug|x64.ActiveCfg = Debug|Any CPU
		{4FF62D21-CB3F-4A62-9F59-D5C7E471FC08}.Debug|x64.Build.0 = Debug|Any CPU
		{4FF62D21-CB3F-4A62-9F59-D5C7E471FC08}.Debug|x86.ActiveCfg = Debug|Any CPU
		{4FF62D21-CB3F-4A62-9F59-D5C7E471FC08}.Debug|x86.Build.0 = Debug|Any CPU
		{4FF62D21-CB3F-4A62-9F59-D5C7E471FC08}.Release|Any CPU.ActiveCfg = Release|Any CPU
		{4FF62D21-CB3F-4A62-9F59-D5C7E471FC08}.Release|Any CPU.Build.0 = Release|Any CPU
		{4FF62D21-CB3F-4A62-9F59-D5C7E471FC08}.Release|x64.ActiveCfg = Release|Any CPU
		{4FF62D21-CB3F-4A62-9F59-D5C7E471FC08}.Release|x64.Build.0 = Release|Any CPU
		{4FF62D21-CB3F-4A62-9F59-D5C7E471FC08}.Release|x86.ActiveCfg = Release|Any CPU
		{4FF62D21-CB3F-4A62-9F59-D5C7E471FC08}.Release|x86.Build.0 = Release|Any CPU
		{F1411F60-FF2D-440C-A556-F5BCAB10CA0F}.Debug|Any CPU.ActiveCfg = Debug|Any CPU
		{F1411F60-FF2D-440C-A556-F5BCAB10CA0F}.Debug|Any CPU.Build.0 = Debug|Any CPU
		{F1411F60-FF2D-440C-A556-F5BCAB10CA0F}.Debug|x64.ActiveCfg = Debug|Any CPU
		{F1411F60-FF2D-440C-A556-F5BCAB10CA0F}.Debug|x64.Build.0 = Debug|Any CPU
		{F1411F60-FF2D-440C-A556-F5BCAB10CA0F}.Debug|x86.ActiveCfg = Debug|Any CPU
		{F1411F60-FF2D-440C-A556-F5BCAB10CA0F}.Debug|x86.Build.0 = Debug|Any CPU
		{F1411F60-FF2D-440C-A556-F5BCAB10CA0F}.Release|Any CPU.ActiveCfg = Release|Any CPU
		{F1411F60-FF2D-440C-A556-F5BCAB10CA0F}.Release|Any CPU.Build.0 = Release|Any CPU
		{F1411F60-FF2D-440C-A556-F5BCAB10CA0F}.Release|x64.ActiveCfg = Release|Any CPU
		{F1411F60-FF2D-440C-A556-F5BCAB10CA0F}.Release|x64.Build.0 = Release|Any CPU
		{F1411F60-FF2D-440C-A556-F5BCAB10CA0F}.Release|x86.ActiveCfg = Release|Any CPU
		{F1411F60-FF2D-440C-A556-F5BCAB10CA0F}.Release|x86.Build.0 = Release|Any CPU
		{6F14D4DE-7D44-4141-93E7-8885DF7326FE}.Debug|Any CPU.ActiveCfg = Debug|Any CPU
		{6F14D4DE-7D44-4141-93E7-8885DF7326FE}.Debug|Any CPU.Build.0 = Debug|Any CPU
		{6F14D4DE-7D44-4141-93E7-8885DF7326FE}.Debug|x64.ActiveCfg = Debug|Any CPU
		{6F14D4DE-7D44-4141-93E7-8885DF7326FE}.Debug|x64.Build.0 = Debug|Any CPU
		{6F14D4DE-7D44-4141-93E7-8885DF7326FE}.Debug|x86.ActiveCfg = Debug|Any CPU
		{6F14D4DE-7D44-4141-93E7-8885DF7326FE}.Debug|x86.Build.0 = Debug|Any CPU
		{6F14D4DE-7D44-4141-93E7-8885DF7326FE}.Release|Any CPU.ActiveCfg = Release|Any CPU
		{6F14D4DE-7D44-4141-93E7-8885DF7326FE}.Release|Any CPU.Build.0 = Release|Any CPU
		{6F14D4DE-7D44-4141-93E7-8885DF7326FE}.Release|x64.ActiveCfg = Release|Any CPU
		{6F14D4DE-7D44-4141-93E7-8885DF7326FE}.Release|x64.Build.0 = Release|Any CPU
		{6F14D4DE-7D44-4141-93E7-8885DF7326FE}.Release|x86.ActiveCfg = Release|Any CPU
		{6F14D4DE-7D44-4141-93E7-8885DF7326FE}.Release|x86.Build.0 = Release|Any CPU
		{A6A7E352-68C2-45AF-B2D6-7896F1872D1D}.Debug|Any CPU.ActiveCfg = Debug|Any CPU
		{A6A7E352-68C2-45AF-B2D6-7896F1872D1D}.Debug|Any CPU.Build.0 = Debug|Any CPU
		{A6A7E352-68C2-45AF-B2D6-7896F1872D1D}.Debug|x64.ActiveCfg = Debug|Any CPU
		{A6A7E352-68C2-45AF-B2D6-7896F1872D1D}.Debug|x64.Build.0 = Debug|Any CPU
		{A6A7E352-68C2-45AF-B2D6-7896F1872D1D}.Debug|x86.ActiveCfg = Debug|Any CPU
		{A6A7E352-68C2-45AF-B2D6-7896F1872D1D}.Debug|x86.Build.0 = Debug|Any CPU
		{A6A7E352-68C2-45AF-B2D6-7896F1872D1D}.Release|Any CPU.ActiveCfg = Release|Any CPU
		{A6A7E352-68C2-45AF-B2D6-7896F1872D1D}.Release|Any CPU.Build.0 = Release|Any CPU
		{A6A7E352-68C2-45AF-B2D6-7896F1872D1D}.Release|x64.ActiveCfg = Release|Any CPU
		{A6A7E352-68C2-45AF-B2D6-7896F1872D1D}.Release|x64.Build.0 = Release|Any CPU
		{A6A7E352-68C2-45AF-B2D6-7896F1872D1D}.Release|x86.ActiveCfg = Release|Any CPU
		{A6A7E352-68C2-45AF-B2D6-7896F1872D1D}.Release|x86.Build.0 = Release|Any CPU
		{A9B1F67D-A0B7-40D8-BDF2-1CA8976C5EE5}.Debug|Any CPU.ActiveCfg = Debug|Any CPU
		{A9B1F67D-A0B7-40D8-BDF2-1CA8976C5EE5}.Debug|Any CPU.Build.0 = Debug|Any CPU
		{A9B1F67D-A0B7-40D8-BDF2-1CA8976C5EE5}.Debug|x64.ActiveCfg = Debug|Any CPU
		{A9B1F67D-A0B7-40D8-BDF2-1CA8976C5EE5}.Debug|x64.Build.0 = Debug|Any CPU
		{A9B1F67D-A0B7-40D8-BDF2-1CA8976C5EE5}.Debug|x86.ActiveCfg = Debug|Any CPU
		{A9B1F67D-A0B7-40D8-BDF2-1CA8976C5EE5}.Debug|x86.Build.0 = Debug|Any CPU
		{A9B1F67D-A0B7-40D8-BDF2-1CA8976C5EE5}.Release|Any CPU.ActiveCfg = Release|Any CPU
		{A9B1F67D-A0B7-40D8-BDF2-1CA8976C5EE5}.Release|Any CPU.Build.0 = Release|Any CPU
		{A9B1F67D-A0B7-40D8-BDF2-1CA8976C5EE5}.Release|x64.ActiveCfg = Release|Any CPU
		{A9B1F67D-A0B7-40D8-BDF2-1CA8976C5EE5}.Release|x64.Build.0 = Release|Any CPU
		{A9B1F67D-A0B7-40D8-BDF2-1CA8976C5EE5}.Release|x86.ActiveCfg = Release|Any CPU
		{A9B1F67D-A0B7-40D8-BDF2-1CA8976C5EE5}.Release|x86.Build.0 = Release|Any CPU
		{8DCCA545-A6D6-4909-BD6A-2D1760F7786E}.Debug|Any CPU.ActiveCfg = Debug|Any CPU
		{8DCCA545-A6D6-4909-BD6A-2D1760F7786E}.Debug|Any CPU.Build.0 = Debug|Any CPU
		{8DCCA545-A6D6-4909-BD6A-2D1760F7786E}.Debug|x64.ActiveCfg = Debug|Any CPU
		{8DCCA545-A6D6-4909-BD6A-2D1760F7786E}.Debug|x64.Build.0 = Debug|Any CPU
		{8DCCA545-A6D6-4909-BD6A-2D1760F7786E}.Debug|x86.ActiveCfg = Debug|Any CPU
		{8DCCA545-A6D6-4909-BD6A-2D1760F7786E}.Debug|x86.Build.0 = Debug|Any CPU
		{8DCCA545-A6D6-4909-BD6A-2D1760F7786E}.Release|Any CPU.ActiveCfg = Release|Any CPU
		{8DCCA545-A6D6-4909-BD6A-2D1760F7786E}.Release|Any CPU.Build.0 = Release|Any CPU
		{8DCCA545-A6D6-4909-BD6A-2D1760F7786E}.Release|x64.ActiveCfg = Release|Any CPU
		{8DCCA545-A6D6-4909-BD6A-2D1760F7786E}.Release|x64.Build.0 = Release|Any CPU
		{8DCCA545-A6D6-4909-BD6A-2D1760F7786E}.Release|x86.ActiveCfg = Release|Any CPU
		{8DCCA545-A6D6-4909-BD6A-2D1760F7786E}.Release|x86.Build.0 = Release|Any CPU
	EndGlobalSection
	GlobalSection(SolutionProperties) = preSolution
		HideSolutionNode = FALSE
	EndGlobalSection
	GlobalSection(NestedProjects) = preSolution
		{4FF62D21-CB3F-4A62-9F59-D5C7E471FC08} = {827E0CD3-B72D-47B6-A68D-7590B98EB39B}
		{F1411F60-FF2D-440C-A556-F5BCAB10CA0F} = {827E0CD3-B72D-47B6-A68D-7590B98EB39B}
		{6F14D4DE-7D44-4141-93E7-8885DF7326FE} = {827E0CD3-B72D-47B6-A68D-7590B98EB39B}
		{A6A7E352-68C2-45AF-B2D6-7896F1872D1D} = {827E0CD3-B72D-47B6-A68D-7590B98EB39B}
		{A9B1F67D-A0B7-40D8-BDF2-1CA8976C5EE5} = {0AB3BF05-4346-4AA6-1389-037BE0695223}
		{8DCCA545-A6D6-4909-BD6A-2D1760F7786E} = {0AB3BF05-4346-4AA6-1389-037BE0695223}
	EndGlobalSection
EndGlobal
